
Microsoft Visual Studio Solution File, Format Version 12.00
# Visual Studio Version 16
VisualStudioVersion = 16.0.29911.84
MinimumVisualStudioVersion = 10.0.40219.1
Project("{FAE04EC0-301F-11D3-BF4B-00C04F79EFBC}") = "WebAPI", "WebAPI\WebAPI.csproj", "{73619FE6-46FD-4CF1-ACD9-121E73760B49}"
EndProject
Global
	GlobalSection(SolutionConfigurationPlatforms) = preSolution
		Debug|Any CPU = Debug|Any CPU
		Release|Any CPU = Release|Any CPU
	EndGlobalSection
	GlobalSection(ProjectConfigurationPlatforms) = postSolution
		{73619FE6-46FD-4CF1-ACD9-121E73760B49}.Debug|Any CPU.ActiveCfg = Debug|Any CPU
		{73619FE6-46FD-4CF1-ACD9-121E73760B49}.Debug|Any CPU.Build.0 = Debug|Any CPU
		{73619FE6-46FD-4CF1-ACD9-121E73760B49}.Release|Any CPU.ActiveCfg = Release|Any CPU
		{73619FE6-46FD-4CF1-ACD9-121E73760B49}.Release|Any CPU.Build.0 = Release|Any CPU
	EndGlobalSection
	GlobalSection(SolutionProperties) = preSolution
		HideSolutionNode = FALSE
	EndGlobalSection
	GlobalSection(ExtensibilityGlobals) = postSolution
		SolutionGuid = {49470A3A-BA94-4C4C-9252-0D092345CCBD}
	EndGlobalSection
EndGlobal
